Microsoft Visual Studio Solution File, Format Version 7.00
Project("{8BC9CEB8-8B4A-11D0-8D11-00A0C91BC942}") = "VClib", "VClib\VClib.vcproj", "{F90E045F-A6E0-4933-9477-1C135987F920}"
EndProject
Project("{8BC9CEB8-8B4A-11D0-8D11-00A0C91BC942}") = "simple", "Simple\simple.vcproj", "{EC5888EA-D1C7-4048-84D1-EB75E68E0B5A}"
EndProject
Project("{8BC9CEB8-8B4A-11D0-8D11-00A0C91BC942}") = "PV", "PV\PV.vcproj", "{7E7DBA7B-F28A-4FF2-A7C5-C3102F604680}"
EndProject
Project("{8BC9CEB8-8B4A-11D0-8D11-00A0C91BC942}") = "Quadradtic Calib", "Quadradtic Calib\Quadradtic Calib.vcproj", "{B26C5558-9DDE-4CB9-922B-B7F6AC25BB7F}"
EndProject
Global
	GlobalSection(SourceCodeControl) = preSolution
		SccNumberOfProjects = 4
		SccProjectUniqueName0 = VClib\\VClib.vcproj
		SccProjectName0 = --\u0020using\u0020Perforce\u0020--
		SccLocalPath0 = .
		SccProvider0 = MSSCCI:Perforce\u0020SCM
		CanCheckoutShared = true
		SccProjectFilePathRelativizedFromConnection0 = VClib\\
		SccProjectUniqueName1 = Simple\\simple.vcproj
		SccProjectName1 = --\u0020using\u0020Perforce\u0020--
		SccLocalPath1 = .
		SccProvider1 = MSSCCI:Perforce\u0020SCM
		CanCheckoutShared = true
		SccProjectFilePathRelativizedFromConnection1 = Simple\\
		SccProjectUniqueName2 = PV\\PV.vcproj
		SccProjectName2 = --\u0020using\u0020Perforce\u0020--
		SccLocalPath2 = .
		SccProvider2 = MSSCCI:Perforce\u0020SCM
		CanCheckoutShared = true
		SccProjectFilePathRelativizedFromConnection2 = PV\\
		SccProjectUniqueName3 = Quadradtic\u0020Calib\\Quadradtic\u0020Calib.vcproj
		SccProjectName3 = --\u0020using\u0020Perforce\u0020--
		SccLocalPath3 = .
		SccProvider3 = MSSCCI:Perforce\u0020SCM
		CanCheckoutShared = true
		SccProjectFilePathRelativizedFromConnection3 = Quadradtic\u0020Calib\\
	EndGlobalSection
	GlobalSection(SolutionConfiguration) = preSolution
		ConfigName.0 = uBLAS Debug
		ConfigName.1 = uBLAS Release
	EndGlobalSection
	GlobalSection(ProjectDependencies) = postSolution
		{EC5888EA-D1C7-4048-84D1-EB75E68E0B5A}.0 = {F90E045F-A6E0-4933-9477-1C135987F920}
		{7E7DBA7B-F28A-4FF2-A7C5-C3102F604680}.0 = {F90E045F-A6E0-4933-9477-1C135987F920}
		{B26C5558-9DDE-4CB9-922B-B7F6AC25BB7F}.0 = {F90E045F-A6E0-4933-9477-1C135987F920}
	EndGlobalSection
	GlobalSection(ProjectConfiguration) = postSolution
		{F90E045F-A6E0-4933-9477-1C135987F920}.uBLAS Debug.ActiveCfg = uBLAS Debug|Win32
		{F90E045F-A6E0-4933-9477-1C135987F920}.uBLAS Debug.Build.0 = uBLAS Debug|Win32
		{F90E045F-A6E0-4933-9477-1C135987F920}.uBLAS Release.ActiveCfg = uBLAS Release|Win32
		{F90E045F-A6E0-4933-9477-1C135987F920}.uBLAS Release.Build.0 = uBLAS Release|Win32
		{EC5888EA-D1C7-4048-84D1-EB75E68E0B5A}.uBLAS Debug.ActiveCfg = uBLAS Debug|Win32
		{EC5888EA-D1C7-4048-84D1-EB75E68E0B5A}.uBLAS Debug.Build.0 = uBLAS Debug|Win32
		{EC5888EA-D1C7-4048-84D1-EB75E68E0B5A}.uBLAS Release.ActiveCfg = uBLAS Debug|Win32
		{7E7DBA7B-F28A-4FF2-A7C5-C3102F604680}.uBLAS Debug.ActiveCfg = uBLAS Debug|Win32
		{7E7DBA7B-F28A-4FF2-A7C5-C3102F604680}.uBLAS Debug.Build.0 = uBLAS Debug|Win32
		{7E7DBA7B-F28A-4FF2-A7C5-C3102F604680}.uBLAS Release.ActiveCfg = uBLAS Release|Win32
		{7E7DBA7B-F28A-4FF2-A7C5-C3102F604680}.uBLAS Release.Build.0 = uBLAS Release|Win32
		{B26C5558-9DDE-4CB9-922B-B7F6AC25BB7F}.uBLAS Debug.ActiveCfg = uBLAS Debug|Win32
		{B26C5558-9DDE-4CB9-922B-B7F6AC25BB7F}.uBLAS Debug.Build.0 = uBLAS Debug|Win32
		{B26C5558-9DDE-4CB9-922B-B7F6AC25BB7F}.uBLAS Release.ActiveCfg = uBLAS Release|Win32
		{B26C5558-9DDE-4CB9-922B-B7F6AC25BB7F}.uBLAS Release.Build.0 = uBLAS Release|Win32
	EndGlobalSection
	GlobalSection(SolutionItems) = postSolution
		Item:1 = Bayes++.htm
		Item:2 = Bayesian Filtering Classes.htm
	EndGlobalSection
	GlobalSection(ExtensibilityGlobals) = postSolution
	EndGlobalSection
	GlobalSection(ExtensibilityAddIns) = postSolution
	EndGlobalSection
EndGlobal
