Microsoft Visual Studio Solution File, Format Version 7.00
Project("{8BC9CEB8-8B4A-11D0-8D11-00A0C91BC942}") = "PV", "PV\PV.vcproj", "{EC178BEF-9849-4221-A9B2-8E9325E30F1C}"
EndProject
Project("{8BC9CEB8-8B4A-11D0-8D11-00A0C91BC942}") = "Quadradtic Calib", "Quadradtic Calib\Quadradtic Calib.vcproj", "{7369E27F-8AC0-408A-9631-A045D23323FF}"
EndProject
Project("{8BC9CEB8-8B4A-11D0-8D11-00A0C91BC942}") = "VClib", "VClib\VClib.vcproj", "{F1FC9567-99BE-4CAC-8650-B59279C4F42B}"
EndProject
Project("{8BC9CEB8-8B4A-11D0-8D11-00A0C91BC942}") = "simple", "simple\simple.vcproj", "{FE8DBB90-F696-4CE7-A8B5-2CC02FEB6B65}"
EndProject
Project("{8BC9CEB8-8B4A-11D0-8D11-00A0C91BC942}") = "rtheta", "rtheta\rtheta.vcproj", "{974A5075-556F-4E42-B1AE-846D73FFE7B3}"
EndProject
Project("{8BC9CEB8-8B4A-11D0-8D11-00A0C91BC942}") = "MuPAD", "MuPad\MuPAD.vcproj", "{BA999D94-196F-4D33-A42C-6378D5ED3FA9}"
EndProject
Project("{8BC9CEB8-8B4A-11D0-8D11-00A0C91BC942}") = "Matlab", "Matlab\Matlab.vcproj", "{FCBC0D8A-EAEB-41B2-8DDD-0D8FFFEE5BF1}"
EndProject
Project("{8BC9CEB8-8B4A-11D0-8D11-00A0C91BC942}") = "SLAM", "SLAM\FastSLAM.vcproj", "{302C014F-09BC-4073-8A81-3C2E0B3B7592}"
EndProject
Global
	GlobalSection(SolutionConfiguration) = preSolution
		ConfigName.0 = uBLAS Debug
		ConfigName.1 = uBLAS Release
		ConfigName.2 = uBLAS(Development) Debug
	EndGlobalSection
	GlobalSection(ProjectDependencies) = postSolution
		{EC178BEF-9849-4221-A9B2-8E9325E30F1C}.0 = {F1FC9567-99BE-4CAC-8650-B59279C4F42B}
		{7369E27F-8AC0-408A-9631-A045D23323FF}.0 = {F1FC9567-99BE-4CAC-8650-B59279C4F42B}
		{FE8DBB90-F696-4CE7-A8B5-2CC02FEB6B65}.0 = {F1FC9567-99BE-4CAC-8650-B59279C4F42B}
		{974A5075-556F-4E42-B1AE-846D73FFE7B3}.0 = {F1FC9567-99BE-4CAC-8650-B59279C4F42B}
		{BA999D94-196F-4D33-A42C-6378D5ED3FA9}.0 = {F1FC9567-99BE-4CAC-8650-B59279C4F42B}
		{FCBC0D8A-EAEB-41B2-8DDD-0D8FFFEE5BF1}.0 = {F1FC9567-99BE-4CAC-8650-B59279C4F42B}
		{302C014F-09BC-4073-8A81-3C2E0B3B7592}.0 = {F1FC9567-99BE-4CAC-8650-B59279C4F42B}
	EndGlobalSection
	GlobalSection(ProjectConfiguration) = postSolution
		{EC178BEF-9849-4221-A9B2-8E9325E30F1C}.uBLAS Debug.ActiveCfg = uBLAS Debug|Win32
		{EC178BEF-9849-4221-A9B2-8E9325E30F1C}.uBLAS Debug.Build.0 = uBLAS Debug|Win32
		{EC178BEF-9849-4221-A9B2-8E9325E30F1C}.uBLAS Release.ActiveCfg = uBLAS Release|Win32
		{EC178BEF-9849-4221-A9B2-8E9325E30F1C}.uBLAS(Development) Debug.ActiveCfg = uBLAS(Development) Debug|Win32
		{EC178BEF-9849-4221-A9B2-8E9325E30F1C}.uBLAS(Development) Debug.Build.0 = uBLAS(Development) Debug|Win32
		{7369E27F-8AC0-408A-9631-A045D23323FF}.uBLAS Debug.ActiveCfg = uBLAS Debug|Win32
		{7369E27F-8AC0-408A-9631-A045D23323FF}.uBLAS Debug.Build.0 = uBLAS Debug|Win32
		{7369E27F-8AC0-408A-9631-A045D23323FF}.uBLAS Release.ActiveCfg = uBLAS Release|Win32
		{7369E27F-8AC0-408A-9631-A045D23323FF}.uBLAS(Development) Debug.ActiveCfg = uBLAS(Development) Debug|Win32
		{7369E27F-8AC0-408A-9631-A045D23323FF}.uBLAS(Development) Debug.Build.0 = uBLAS(Development) Debug|Win32
		{F1FC9567-99BE-4CAC-8650-B59279C4F42B}.uBLAS Debug.ActiveCfg = uBLAS Debug|Win32
		{F1FC9567-99BE-4CAC-8650-B59279C4F42B}.uBLAS Debug.Build.0 = uBLAS Debug|Win32
		{F1FC9567-99BE-4CAC-8650-B59279C4F42B}.uBLAS Release.ActiveCfg = uBLAS Release|Win32
		{F1FC9567-99BE-4CAC-8650-B59279C4F42B}.uBLAS Release.Build.0 = uBLAS Release|Win32
		{F1FC9567-99BE-4CAC-8650-B59279C4F42B}.uBLAS(Development) Debug.ActiveCfg = uBLAS(Development) Debug|Win32
		{F1FC9567-99BE-4CAC-8650-B59279C4F42B}.uBLAS(Development) Debug.Build.0 = uBLAS(Development) Debug|Win32
		{FE8DBB90-F696-4CE7-A8B5-2CC02FEB6B65}.uBLAS Debug.ActiveCfg = uBLAS Debug|Win32
		{FE8DBB90-F696-4CE7-A8B5-2CC02FEB6B65}.uBLAS Debug.Build.0 = uBLAS Debug|Win32
		{FE8DBB90-F696-4CE7-A8B5-2CC02FEB6B65}.uBLAS Release.ActiveCfg = uBLAS Debug|Win32
		{FE8DBB90-F696-4CE7-A8B5-2CC02FEB6B65}.uBLAS(Development) Debug.ActiveCfg = uBLAS(Development) Debug|Win32
		{FE8DBB90-F696-4CE7-A8B5-2CC02FEB6B65}.uBLAS(Development) Debug.Build.0 = uBLAS(Development) Debug|Win32
		{974A5075-556F-4E42-B1AE-846D73FFE7B3}.uBLAS Debug.ActiveCfg = uBLAS Debug|Win32
		{974A5075-556F-4E42-B1AE-846D73FFE7B3}.uBLAS Debug.Build.0 = uBLAS Debug|Win32
		{974A5075-556F-4E42-B1AE-846D73FFE7B3}.uBLAS Release.ActiveCfg = uBLAS Release|Win32
		{974A5075-556F-4E42-B1AE-846D73FFE7B3}.uBLAS Release.Build.0 = uBLAS Release|Win32
		{974A5075-556F-4E42-B1AE-846D73FFE7B3}.uBLAS(Development) Debug.ActiveCfg = uBLAS(Development) Debug|Win32
		{974A5075-556F-4E42-B1AE-846D73FFE7B3}.uBLAS(Development) Debug.Build.0 = uBLAS(Development) Debug|Win32
		{BA999D94-196F-4D33-A42C-6378D5ED3FA9}.uBLAS Debug.ActiveCfg = uBLAS Debug|Win32
		{BA999D94-196F-4D33-A42C-6378D5ED3FA9}.uBLAS Release.ActiveCfg = uBLAS Release|Win32
		{BA999D94-196F-4D33-A42C-6378D5ED3FA9}.uBLAS(Development) Debug.ActiveCfg = uBLAS(Development) Debug|Win32
		{FCBC0D8A-EAEB-41B2-8DDD-0D8FFFEE5BF1}.uBLAS Debug.ActiveCfg = uBLAS Debug|Win32
		{FCBC0D8A-EAEB-41B2-8DDD-0D8FFFEE5BF1}.uBLAS Release.ActiveCfg = uBLAS Release|Win32
		{FCBC0D8A-EAEB-41B2-8DDD-0D8FFFEE5BF1}.uBLAS Release.Build.0 = uBLAS Release|Win32
		{FCBC0D8A-EAEB-41B2-8DDD-0D8FFFEE5BF1}.uBLAS(Development) Debug.ActiveCfg = uBLAS(Development) Debug|Win32
		{302C014F-09BC-4073-8A81-3C2E0B3B7592}.uBLAS Debug.ActiveCfg = uBLAS Debug|Win32
		{302C014F-09BC-4073-8A81-3C2E0B3B7592}.uBLAS Release.ActiveCfg = uBLAS Release|Win32
		{302C014F-09BC-4073-8A81-3C2E0B3B7592}.uBLAS(Development) Debug.ActiveCfg = uBLAS(Development) Debug|Win32
	EndGlobalSection
	GlobalSection(SolutionItems) = postSolution
		Item:1 = Bayes++.htm
		Item:2 = BayesFilter TODO.txt
		Item:3 = Bayesian Filtering Classes.htm
	EndGlobalSection
	GlobalSection(ExtensibilityGlobals) = postSolution
	EndGlobalSection
	GlobalSection(ExtensibilityAddIns) = postSolution
	EndGlobalSection
EndGlobal
