Microsoft Visual Studio Solution File, Format Version 7.00
Project("{8BC9CEB8-8B4A-11D0-8D11-00A0C91BC942}") = "BayesFilter", "VClib\VClib.vcproj", "{F90E045F-A6E0-4933-9477-1C135987F920}"
EndProject
Project("{8BC9CEB8-8B4A-11D0-8D11-00A0C91BC942}") = "simple", "Simple\simple.vcproj", "{EC5888EA-D1C7-4048-84D1-EB75E68E0B5A}"
EndProject
Project("{8BC9CEB8-8B4A-11D0-8D11-00A0C91BC942}") = "PV", "PV\PV.vcproj", "{7E7DBA7B-F28A-4FF2-A7C5-C3102F604680}"
EndProject
Project("{8BC9CEB8-8B4A-11D0-8D11-00A0C91BC942}") = "Quadradtic Calib", "QuadCalib\QuadCalib.vcproj", "{1BAE984A-83B6-45C6-8CF4-8D3779140B5C}"
EndProject
Global
	GlobalSection(SourceCodeControl) = preSolution
	EndGlobalSection
	GlobalSection(SolutionConfiguration) = preSolution
		ConfigName.0 = uBLAS Debug
		ConfigName.1 = uBLAS Release
		ConfigName.2 = uBLAS(Development) Debug
	EndGlobalSection
	GlobalSection(ProjectDependencies) = postSolution
		{EC5888EA-D1C7-4048-84D1-EB75E68E0B5A}.0 = {F90E045F-A6E0-4933-9477-1C135987F920}
		{7E7DBA7B-F28A-4FF2-A7C5-C3102F604680}.0 = {F90E045F-A6E0-4933-9477-1C135987F920}
		{1BAE984A-83B6-45C6-8CF4-8D3779140B5C}.0 = {F90E045F-A6E0-4933-9477-1C135987F920}
	EndGlobalSection
	GlobalSection(ProjectConfiguration) = postSolution
		{F90E045F-A6E0-4933-9477-1C135987F920}.uBLAS Debug.ActiveCfg = uBLAS Debug|Win32
		{F90E045F-A6E0-4933-9477-1C135987F920}.uBLAS Debug.Build.0 = uBLAS Debug|Win32
		{F90E045F-A6E0-4933-9477-1C135987F920}.uBLAS Release.ActiveCfg = uBLAS Release|Win32
		{F90E045F-A6E0-4933-9477-1C135987F920}.uBLAS Release.Build.0 = uBLAS Release|Win32
		{F90E045F-A6E0-4933-9477-1C135987F920}.uBLAS(Development) Debug.ActiveCfg = uBLAS(Development) Debug|Win32
		{F90E045F-A6E0-4933-9477-1C135987F920}.uBLAS(Development) Debug.Build.0 = uBLAS(Development) Debug|Win32
		{EC5888EA-D1C7-4048-84D1-EB75E68E0B5A}.uBLAS Debug.ActiveCfg = uBLAS Debug|Win32
		{EC5888EA-D1C7-4048-84D1-EB75E68E0B5A}.uBLAS Debug.Build.0 = uBLAS Debug|Win32
		{EC5888EA-D1C7-4048-84D1-EB75E68E0B5A}.uBLAS Release.ActiveCfg = uBLAS Release|Win32
		{EC5888EA-D1C7-4048-84D1-EB75E68E0B5A}.uBLAS Release.Build.0 = uBLAS Release|Win32
		{EC5888EA-D1C7-4048-84D1-EB75E68E0B5A}.uBLAS(Development) Debug.ActiveCfg = uBLAS(Development) Debug|Win32
		{EC5888EA-D1C7-4048-84D1-EB75E68E0B5A}.uBLAS(Development) Debug.Build.0 = uBLAS(Development) Debug|Win32
		{7E7DBA7B-F28A-4FF2-A7C5-C3102F604680}.uBLAS Debug.ActiveCfg = uBLAS Debug|Win32
		{7E7DBA7B-F28A-4FF2-A7C5-C3102F604680}.uBLAS Debug.Build.0 = uBLAS Debug|Win32
		{7E7DBA7B-F28A-4FF2-A7C5-C3102F604680}.uBLAS Release.ActiveCfg = uBLAS Release|Win32
		{7E7DBA7B-F28A-4FF2-A7C5-C3102F604680}.uBLAS Release.Build.0 = uBLAS Release|Win32
		{7E7DBA7B-F28A-4FF2-A7C5-C3102F604680}.uBLAS(Development) Debug.ActiveCfg = uBLAS(Development) Debug|Win32
		{7E7DBA7B-F28A-4FF2-A7C5-C3102F604680}.uBLAS(Development) Debug.Build.0 = uBLAS(Development) Debug|Win32
		{1BAE984A-83B6-45C6-8CF4-8D3779140B5C}.uBLAS Debug.ActiveCfg = uBLAS Debug|Win32
		{1BAE984A-83B6-45C6-8CF4-8D3779140B5C}.uBLAS Debug.Build.0 = uBLAS Debug|Win32
		{1BAE984A-83B6-45C6-8CF4-8D3779140B5C}.uBLAS Release.ActiveCfg = uBLAS Release|Win32
		{1BAE984A-83B6-45C6-8CF4-8D3779140B5C}.uBLAS Release.Build.0 = uBLAS Release|Win32
		{1BAE984A-83B6-45C6-8CF4-8D3779140B5C}.uBLAS(Development) Debug.ActiveCfg = uBLAS(Development) Debug|Win32
		{1BAE984A-83B6-45C6-8CF4-8D3779140B5C}.uBLAS(Development) Debug.Build.0 = uBLAS(Development) Debug|Win32
	EndGlobalSection
	GlobalSection(SolutionItems) = postSolution
		Item:1 = Bayes++.htm
		Item:2 = Bayesian Filtering Classes.htm
	EndGlobalSection
	GlobalSection(ExtensibilityGlobals) = postSolution
	EndGlobalSection
	GlobalSection(ExtensibilityAddIns) = postSolution
	EndGlobalSection
EndGlobal
